
Microsoft Visual Studio Solution File, Format Version 12.00
# Visual Studio 15
VisualStudioVersion = 15.0.28307.572
MinimumVisualStudioVersion = 10.0.40219.1
Project("{FAE04EC0-301F-11D3-BF4B-00C04F79EFBC}") = "DeliveryFood", "DeliveryFood\DeliveryFood.csproj", "{AFA9D965-06B9-4A9E-B423-0E4037D58C52}"
EndProject
Global
	GlobalSection(SolutionConfigurationPlatforms) = preSolution
		Debug|Any CPU = Debug|Any CPU
		Release|Any CPU = Release|Any CPU
	EndGlobalSection
	GlobalSection(ProjectConfigurationPlatforms) = postSolution
		{AFA9D965-06B9-4A9E-B423-0E4037D58C52}.Debug|Any CPU.ActiveCfg = Debug|Any CPU
		{AFA9D965-06B9-4A9E-B423-0E4037D58C52}.Debug|Any CPU.Build.0 = Debug|Any CPU
		{AFA9D965-06B9-4A9E-B423-0E4037D58C52}.Release|Any CPU.ActiveCfg = Release|Any CPU
		{AFA9D965-06B9-4A9E-B423-0E4037D58C52}.Release|Any CPU.Build.0 = Release|Any CPU
	EndGlobalSection
	GlobalSection(SolutionProperties) = preSolution
		HideSolutionNode = FALSE
	EndGlobalSection
	GlobalSection(ExtensibilityGlobals) = postSolution
		SolutionGuid = {165EA576-F00B-4357-8F8C-EF52B120B901}
	EndGlobalSection
EndGlobal
